Microsoft Visual Studio Solution File, Format Version 12.00
# Visual Studio 2012
Project("{FAE04EC0-301F-11D3-BF4B-00C04F79EFBC}") = "Pong", "Pong.csproj", "{BBB223BE-3C00-4637-AD34-785BB8225770}"
EndProject
Global
	GlobalSection(SolutionConfigurationPlatforms) = preSolution
	Debug|Any CPU = Debug|Any CPU
	Release|Any CPU = Release|Any CPU
	Tools|Any CPU = Tools|Any CPU
	EndGlobalSection
	GlobalSection(ProjectConfigurationPlatforms) = postSolution
		{BBB223BE-3C00-4637-AD34-785BB8225770}.Debug|Any CPU.ActiveCfg = Debug|Any CPU
		{BBB223BE-3C00-4637-AD34-785BB8225770}.Debug|Any CPU.Build.0 = Debug|Any CPU
		{BBB223BE-3C00-4637-AD34-785BB8225770}.Release|Any CPU.ActiveCfg = Release|Any CPU
		{BBB223BE-3C00-4637-AD34-785BB8225770}.Release|Any CPU.Build.0 = Release|Any CPU
		{BBB223BE-3C00-4637-AD34-785BB8225770}.Tools|Any CPU.ActiveCfg = Tools|Any CPU
		{BBB223BE-3C00-4637-AD34-785BB8225770}.Tools|Any CPU.Build.0 = Tools|Any CPU
	EndGlobalSection
EndGlobal
